
Microsoft Visual Studio Solution File, Format Version 11.00
# Visual Studio 2010
Project("{54435603-DBB4-11D2-8724-00A0C9A8B90C}") = "wxMSW_wxbase30u_vc100", "wxMSW_wxbase30u_vc100.vdproj", "{53D1CAF8-C134-404B-80E7-1DCF74B56EC8}"
EndProject
Project("{54435603-DBB4-11D2-8724-00A0C9A8B90C}") = "wxMSW_wxbase30u_vc100_x64", "wxMSW_wxbase30u_vc100_x64.vdproj", "{D1EFE60D-D0C1-4824-839A-52128FBEAF25}"
EndProject
Project("{54435603-DBB4-11D2-8724-00A0C9A8B90C}") = "wxMSW_wxbase30ud_vc100", "wxMSW_wxbase30ud_vc100.vdproj", "{36BD384D-FB91-4C64-81F2-9E5F4D08ED61}"
EndProject
Project("{54435603-DBB4-11D2-8724-00A0C9A8B90C}") = "wxMSW_wxbase30ud_vc100_x64", "wxMSW_wxbase30ud_vc100_x64.vdproj", "{C6D8E006-4F6B-487E-9A1C-4D6836127E48}"
EndProject
Project("{54435603-DBB4-11D2-8724-00A0C9A8B90C}") = "wxMSW_wxmsw30u_core_vc100", "wxMSW_wxmsw30u_core_vc100.vdproj", "{C0AD63D1-CB35-452F-9BB0-D9812124194E}"
EndProject
Project("{54435603-DBB4-11D2-8724-00A0C9A8B90C}") = "wxMSW_wxmsw30u_core_vc100_x64", "wxMSW_wxmsw30u_core_vc100_x64.vdproj", "{10C46AAD-ECD4-4DAF-B582-3AA1DA4443FC}"
EndProject
Project("{54435603-DBB4-11D2-8724-00A0C9A8B90C}") = "wxMSW_wxmsw30ud_core_vc100", "wxMSW_wxmsw30ud_core_vc100.vdproj", "{A38E6692-32A8-4A3A-81DD-488FFF6B6ED3}"
EndProject
Project("{54435603-DBB4-11D2-8724-00A0C9A8B90C}") = "wxMSW_wxmsw30ud_core_vc100_x64", "wxMSW_wxmsw30ud_core_vc100_x64.vdproj", "{07777F45-304F-4DAC-8AD6-418ACC81FB89}"
EndProject
Project("{54435603-DBB4-11D2-8724-00A0C9A8B90C}") = "wxMSW_wxbase30u_net_vc100", "wxMSW_wxbase30u_net_vc100.vdproj", "{07B81A97-59EE-49AA-9C00-4BD249B0C955}"
EndProject
Project("{54435603-DBB4-11D2-8724-00A0C9A8B90C}") = "wxMSW_wxbase30u_net_vc100_x64", "wxMSW_wxbase30u_net_vc100_x64.vdproj", "{49B10552-D3DC-4075-9952-4F19848F18FC}"
EndProject
Project("{54435603-DBB4-11D2-8724-00A0C9A8B90C}") = "wxMSW_wxbase30u_xml_vc100", "wxMSW_wxbase30u_xml_vc100.vdproj", "{D537E626-DC30-4707-A4AD-0859836A985D}"
EndProject
Project("{54435603-DBB4-11D2-8724-00A0C9A8B90C}") = "wxMSW_wxbase30u_xml_vc100_x64", "wxMSW_wxbase30u_xml_vc100_x64.vdproj", "{A0C4564D-9F20-4FBC-8FC9-238D893DAE46}"
EndProject
Project("{54435603-DBB4-11D2-8724-00A0C9A8B90C}") = "wxMSW_wxbase30ud_net_vc100", "wxMSW_wxbase30ud_net_vc100.vdproj", "{99C2D6EC-A692-4EE0-A90B-55C1EDAA4A1E}"
EndProject
Project("{54435603-DBB4-11D2-8724-00A0C9A8B90C}") = "wxMSW_wxbase30ud_net_vc100_x64", "wxMSW_wxbase30ud_net_vc100_x64.vdproj", "{D2D662A4-2FFE-4613-8496-CAEA63B348B9}"
EndProject
Project("{54435603-DBB4-11D2-8724-00A0C9A8B90C}") = "wxMSW_wxbase30ud_xml_vc100", "wxMSW_wxbase30ud_xml_vc100.vdproj", "{359F0948-C670-421E-97CE-5835889555CD}"
EndProject
Project("{54435603-DBB4-11D2-8724-00A0C9A8B90C}") = "wxMSW_wxbase30ud_xml_vc100_x64", "wxMSW_wxbase30ud_xml_vc100_x64.vdproj", "{DB62722C-1C05-4E4D-A5A2-19F9C6A543B2}"
EndProject
Project("{2150E333-8FDC-42A3-9474-1A3956D46DE8}") = "wxbase", "wxbase", "{4774C3AE-410C-4819-8E36-24F16A0022FB}"
EndProject
Project("{2150E333-8FDC-42A3-9474-1A3956D46DE8}") = "wxbase_net", "wxbase_net", "{5CA24A16-C1A4-43E8-A7C7-48AFBC9F3499}"
EndProject
Project("{2150E333-8FDC-42A3-9474-1A3956D46DE8}") = "wxbase_xml", "wxbase_xml", "{539E6FE8-B679-41E4-B3FE-1962569231E9}"
EndProject
Project("{2150E333-8FDC-42A3-9474-1A3956D46DE8}") = "wxmsw_core", "wxmsw_core", "{5487FF8F-7A17-4FFF-87FE-B98DBA868A00}"
EndProject
Project("{2150E333-8FDC-42A3-9474-1A3956D46DE8}") = "wxmsw_aui", "wxmsw_aui", "{E38BA765-78DC-4CD0-AF4E-36B847A27E1F}"
EndProject
Project("{54435603-DBB4-11D2-8724-00A0C9A8B90C}") = "wxMSW_wxmsw30u_aui_vc100", "wxMSW_wxmsw30u_aui_vc100.vdproj", "{E465A99D-5C15-47B7-A5BC-7256CF4C80BB}"
EndProject
Project("{54435603-DBB4-11D2-8724-00A0C9A8B90C}") = "wxMSW_wxmsw30u_aui_vc100_x64", "wxMSW_wxmsw30u_aui_vc100_x64.vdproj", "{CA9D2885-E9A1-4495-88E4-B3F00DCED931}"
EndProject
Project("{54435603-DBB4-11D2-8724-00A0C9A8B90C}") = "wxMSW_wxmsw30ud_aui_vc100", "wxMSW_wxmsw30ud_aui_vc100.vdproj", "{13A519C9-317E-4C3C-B3AE-C7E4AD1E33F5}"
EndProject
Project("{54435603-DBB4-11D2-8724-00A0C9A8B90C}") = "wxMSW_wxmsw30ud_aui_vc100_x64", "wxMSW_wxmsw30ud_aui_vc100_x64.vdproj", "{05DB94E8-9E6F-4BCD-9498-C972E70E72F4}"
EndProject
Project("{2150E333-8FDC-42A3-9474-1A3956D46DE8}") = "wxmsw_adv", "wxmsw_adv", "{C229F557-D8F7-4B84-A79B-727971A380C9}"
EndProject
Project("{54435603-DBB4-11D2-8724-00A0C9A8B90C}") = "wxMSW_wxmsw30u_adv_vc100", "wxMSW_wxmsw30u_adv_vc100.vdproj", "{99D9C7EB-36AC-4DD4-A528-0DCCBDD92282}"
EndProject
Project("{54435603-DBB4-11D2-8724-00A0C9A8B90C}") = "wxMSW_wxmsw30u_adv_vc100_x64", "wxMSW_wxmsw30u_adv_vc100_x64.vdproj", "{0DF55F21-9F78-4B2B-9D88-FCA999241918}"
EndProject
Project("{54435603-DBB4-11D2-8724-00A0C9A8B90C}") = "wxMSW_wxmsw30ud_adv_vc100", "wxMSW_wxmsw30ud_adv_vc100.vdproj", "{D9DA7B7D-AD57-4933-AFF5-99BC37671CA4}"
EndProject
Project("{54435603-DBB4-11D2-8724-00A0C9A8B90C}") = "wxMSW_wxmsw30ud_adv_vc100_x64", "wxMSW_wxmsw30ud_adv_vc100_x64.vdproj", "{55CBF715-675D-4C9F-881D-421B4F1323B7}"
EndProject
Global
	GlobalSection(SolutionConfigurationPlatforms) = preSolution
		Debug|Default = Debug|Default
		Release|Default = Release|Default
	EndGlobalSection
	GlobalSection(ProjectConfigurationPlatforms) = postSolution
		{53D1CAF8-C134-404B-80E7-1DCF74B56EC8}.Debug|Default.ActiveCfg = Release
		{53D1CAF8-C134-404B-80E7-1DCF74B56EC8}.Release|Default.ActiveCfg = Release
		{53D1CAF8-C134-404B-80E7-1DCF74B56EC8}.Release|Default.Build.0 = Release
		{D1EFE60D-D0C1-4824-839A-52128FBEAF25}.Debug|Default.ActiveCfg = Release
		{D1EFE60D-D0C1-4824-839A-52128FBEAF25}.Release|Default.ActiveCfg = Release
		{D1EFE60D-D0C1-4824-839A-52128FBEAF25}.Release|Default.Build.0 = Release
		{36BD384D-FB91-4C64-81F2-9E5F4D08ED61}.Debug|Default.ActiveCfg = Debug
		{36BD384D-FB91-4C64-81F2-9E5F4D08ED61}.Debug|Default.Build.0 = Debug
		{36BD384D-FB91-4C64-81F2-9E5F4D08ED61}.Release|Default.ActiveCfg = Debug
		{C6D8E006-4F6B-487E-9A1C-4D6836127E48}.Debug|Default.ActiveCfg = Debug
		{C6D8E006-4F6B-487E-9A1C-4D6836127E48}.Debug|Default.Build.0 = Debug
		{C6D8E006-4F6B-487E-9A1C-4D6836127E48}.Release|Default.ActiveCfg = Debug
		{C0AD63D1-CB35-452F-9BB0-D9812124194E}.Debug|Default.ActiveCfg = Release
		{C0AD63D1-CB35-452F-9BB0-D9812124194E}.Release|Default.ActiveCfg = Release
		{C0AD63D1-CB35-452F-9BB0-D9812124194E}.Release|Default.Build.0 = Release
		{10C46AAD-ECD4-4DAF-B582-3AA1DA4443FC}.Debug|Default.ActiveCfg = Release
		{10C46AAD-ECD4-4DAF-B582-3AA1DA4443FC}.Release|Default.ActiveCfg = Release
		{10C46AAD-ECD4-4DAF-B582-3AA1DA4443FC}.Release|Default.Build.0 = Release
		{A38E6692-32A8-4A3A-81DD-488FFF6B6ED3}.Debug|Default.ActiveCfg = Debug
		{A38E6692-32A8-4A3A-81DD-488FFF6B6ED3}.Debug|Default.Build.0 = Debug
		{A38E6692-32A8-4A3A-81DD-488FFF6B6ED3}.Release|Default.ActiveCfg = Debug
		{07777F45-304F-4DAC-8AD6-418ACC81FB89}.Debug|Default.ActiveCfg = Debug
		{07777F45-304F-4DAC-8AD6-418ACC81FB89}.Debug|Default.Build.0 = Debug
		{07777F45-304F-4DAC-8AD6-418ACC81FB89}.Release|Default.ActiveCfg = Debug
		{07B81A97-59EE-49AA-9C00-4BD249B0C955}.Debug|Default.ActiveCfg = Release
		{07B81A97-59EE-49AA-9C00-4BD249B0C955}.Release|Default.ActiveCfg = Release
		{07B81A97-59EE-49AA-9C00-4BD249B0C955}.Release|Default.Build.0 = Release
		{49B10552-D3DC-4075-9952-4F19848F18FC}.Debug|Default.ActiveCfg = Release
		{49B10552-D3DC-4075-9952-4F19848F18FC}.Release|Default.ActiveCfg = Release
		{49B10552-D3DC-4075-9952-4F19848F18FC}.Release|Default.Build.0 = Release
		{D537E626-DC30-4707-A4AD-0859836A985D}.Debug|Default.ActiveCfg = Release
		{D537E626-DC30-4707-A4AD-0859836A985D}.Release|Default.ActiveCfg = Release
		{D537E626-DC30-4707-A4AD-0859836A985D}.Release|Default.Build.0 = Release
		{A0C4564D-9F20-4FBC-8FC9-238D893DAE46}.Debug|Default.ActiveCfg = Release
		{A0C4564D-9F20-4FBC-8FC9-238D893DAE46}.Release|Default.ActiveCfg = Release
		{A0C4564D-9F20-4FBC-8FC9-238D893DAE46}.Release|Default.Build.0 = Release
		{99C2D6EC-A692-4EE0-A90B-55C1EDAA4A1E}.Debug|Default.ActiveCfg = Debug
		{99C2D6EC-A692-4EE0-A90B-55C1EDAA4A1E}.Debug|Default.Build.0 = Debug
		{99C2D6EC-A692-4EE0-A90B-55C1EDAA4A1E}.Release|Default.ActiveCfg = Debug
		{D2D662A4-2FFE-4613-8496-CAEA63B348B9}.Debug|Default.ActiveCfg = Debug
		{D2D662A4-2FFE-4613-8496-CAEA63B348B9}.Debug|Default.Build.0 = Debug
		{D2D662A4-2FFE-4613-8496-CAEA63B348B9}.Release|Default.ActiveCfg = Debug
		{359F0948-C670-421E-97CE-5835889555CD}.Debug|Default.ActiveCfg = Debug
		{359F0948-C670-421E-97CE-5835889555CD}.Debug|Default.Build.0 = Debug
		{359F0948-C670-421E-97CE-5835889555CD}.Release|Default.ActiveCfg = Debug
		{DB62722C-1C05-4E4D-A5A2-19F9C6A543B2}.Debug|Default.ActiveCfg = Debug
		{DB62722C-1C05-4E4D-A5A2-19F9C6A543B2}.Debug|Default.Build.0 = Debug
		{DB62722C-1C05-4E4D-A5A2-19F9C6A543B2}.Release|Default.ActiveCfg = Debug
		{E465A99D-5C15-47B7-A5BC-7256CF4C80BB}.Debug|Default.ActiveCfg = Release
		{E465A99D-5C15-47B7-A5BC-7256CF4C80BB}.Release|Default.ActiveCfg = Release
		{E465A99D-5C15-47B7-A5BC-7256CF4C80BB}.Release|Default.Build.0 = Release
		{CA9D2885-E9A1-4495-88E4-B3F00DCED931}.Debug|Default.ActiveCfg = Release
		{CA9D2885-E9A1-4495-88E4-B3F00DCED931}.Release|Default.ActiveCfg = Release
		{CA9D2885-E9A1-4495-88E4-B3F00DCED931}.Release|Default.Build.0 = Release
		{13A519C9-317E-4C3C-B3AE-C7E4AD1E33F5}.Debug|Default.ActiveCfg = Debug
		{13A519C9-317E-4C3C-B3AE-C7E4AD1E33F5}.Debug|Default.Build.0 = Debug
		{13A519C9-317E-4C3C-B3AE-C7E4AD1E33F5}.Release|Default.ActiveCfg = Debug
		{05DB94E8-9E6F-4BCD-9498-C972E70E72F4}.Debug|Default.ActiveCfg = Debug
		{05DB94E8-9E6F-4BCD-9498-C972E70E72F4}.Debug|Default.Build.0 = Debug
		{05DB94E8-9E6F-4BCD-9498-C972E70E72F4}.Release|Default.ActiveCfg = Debug
		{99D9C7EB-36AC-4DD4-A528-0DCCBDD92282}.Debug|Default.ActiveCfg = Release
		{99D9C7EB-36AC-4DD4-A528-0DCCBDD92282}.Release|Default.ActiveCfg = Release
		{99D9C7EB-36AC-4DD4-A528-0DCCBDD92282}.Release|Default.Build.0 = Release
		{0DF55F21-9F78-4B2B-9D88-FCA999241918}.Debug|Default.ActiveCfg = Release
		{0DF55F21-9F78-4B2B-9D88-FCA999241918}.Release|Default.ActiveCfg = Release
		{0DF55F21-9F78-4B2B-9D88-FCA999241918}.Release|Default.Build.0 = Release
		{D9DA7B7D-AD57-4933-AFF5-99BC37671CA4}.Debug|Default.ActiveCfg = Debug
		{D9DA7B7D-AD57-4933-AFF5-99BC37671CA4}.Debug|Default.Build.0 = Debug
		{D9DA7B7D-AD57-4933-AFF5-99BC37671CA4}.Release|Default.ActiveCfg = Debug
		{55CBF715-675D-4C9F-881D-421B4F1323B7}.Debug|Default.ActiveCfg = Debug
		{55CBF715-675D-4C9F-881D-421B4F1323B7}.Debug|Default.Build.0 = Debug
		{55CBF715-675D-4C9F-881D-421B4F1323B7}.Release|Default.ActiveCfg = Debug
	EndGlobalSection
	GlobalSection(SolutionProperties) = preSolution
		HideSolutionNode = FALSE
	EndGlobalSection
	GlobalSection(NestedProjects) = preSolution
		{D1EFE60D-D0C1-4824-839A-52128FBEAF25} = {4774C3AE-410C-4819-8E36-24F16A0022FB}
		{36BD384D-FB91-4C64-81F2-9E5F4D08ED61} = {4774C3AE-410C-4819-8E36-24F16A0022FB}
		{C6D8E006-4F6B-487E-9A1C-4D6836127E48} = {4774C3AE-410C-4819-8E36-24F16A0022FB}
		{53D1CAF8-C134-404B-80E7-1DCF74B56EC8} = {4774C3AE-410C-4819-8E36-24F16A0022FB}
		{10C46AAD-ECD4-4DAF-B582-3AA1DA4443FC} = {5487FF8F-7A17-4FFF-87FE-B98DBA868A00}
		{A38E6692-32A8-4A3A-81DD-488FFF6B6ED3} = {5487FF8F-7A17-4FFF-87FE-B98DBA868A00}
		{07777F45-304F-4DAC-8AD6-418ACC81FB89} = {5487FF8F-7A17-4FFF-87FE-B98DBA868A00}
		{C0AD63D1-CB35-452F-9BB0-D9812124194E} = {5487FF8F-7A17-4FFF-87FE-B98DBA868A00}
		{49B10552-D3DC-4075-9952-4F19848F18FC} = {5CA24A16-C1A4-43E8-A7C7-48AFBC9F3499}
		{99C2D6EC-A692-4EE0-A90B-55C1EDAA4A1E} = {5CA24A16-C1A4-43E8-A7C7-48AFBC9F3499}
		{D2D662A4-2FFE-4613-8496-CAEA63B348B9} = {5CA24A16-C1A4-43E8-A7C7-48AFBC9F3499}
		{07B81A97-59EE-49AA-9C00-4BD249B0C955} = {5CA24A16-C1A4-43E8-A7C7-48AFBC9F3499}
		{A0C4564D-9F20-4FBC-8FC9-238D893DAE46} = {539E6FE8-B679-41E4-B3FE-1962569231E9}
		{359F0948-C670-421E-97CE-5835889555CD} = {539E6FE8-B679-41E4-B3FE-1962569231E9}
		{DB62722C-1C05-4E4D-A5A2-19F9C6A543B2} = {539E6FE8-B679-41E4-B3FE-1962569231E9}
		{D537E626-DC30-4707-A4AD-0859836A985D} = {539E6FE8-B679-41E4-B3FE-1962569231E9}
		{E465A99D-5C15-47B7-A5BC-7256CF4C80BB} = {E38BA765-78DC-4CD0-AF4E-36B847A27E1F}
		{CA9D2885-E9A1-4495-88E4-B3F00DCED931} = {E38BA765-78DC-4CD0-AF4E-36B847A27E1F}
		{13A519C9-317E-4C3C-B3AE-C7E4AD1E33F5} = {E38BA765-78DC-4CD0-AF4E-36B847A27E1F}
		{05DB94E8-9E6F-4BCD-9498-C972E70E72F4} = {E38BA765-78DC-4CD0-AF4E-36B847A27E1F}
		{99D9C7EB-36AC-4DD4-A528-0DCCBDD92282} = {C229F557-D8F7-4B84-A79B-727971A380C9}
		{0DF55F21-9F78-4B2B-9D88-FCA999241918} = {C229F557-D8F7-4B84-A79B-727971A380C9}
		{D9DA7B7D-AD57-4933-AFF5-99BC37671CA4} = {C229F557-D8F7-4B84-A79B-727971A380C9}
		{55CBF715-675D-4C9F-881D-421B4F1323B7} = {C229F557-D8F7-4B84-A79B-727971A380C9}
	EndGlobalSection
EndGlobal
